
Microsoft Visual Studio Solution File, Format Version 12.00
# Visual Studio Version 17
VisualStudioVersion = 17.7.34221.43
MinimumVisualStudioVersion = 10.0.40219.1
Project("{9A19103F-16F7-4668-BE54-9A1E7A4F7556}") = "wallapop", "wallapop\wallapop.csproj", "{343B0FA3-DA7C-4086-88F0-73DCCF6BFBFD}"
EndProject
Project("{FAE04EC0-301F-11D3-BF4B-00C04F79EFBC}") = "wallapop.AccessData", "wallapop.AccessData\wallapop.AccessData.csproj", "{6211F0EE-9CAC-4A9A-AF2A-9D5DAD4D2904}"
EndProject
Project("{FAE04EC0-301F-11D3-BF4B-00C04F79EFBC}") = "wallapop.Models", "wallapop.Models\wallapop.Models.csproj", "{9034F9A5-1E74-492C-9BEC-F2CCC28750DF}"
EndProject
Project("{FAE04EC0-301F-11D3-BF4B-00C04F79EFBC}") = "wallapop.Utilities", "wallapop.Utilities\wallapop.Utilities.csproj", "{E08727C6-0D92-42F1-B89B-1430133C0D29}"
EndProject
Global
	GlobalSection(SolutionConfigurationPlatforms) = preSolution
		Debug|Any CPU = Debug|Any CPU
		Release|Any CPU = Release|Any CPU
	EndGlobalSection
	GlobalSection(ProjectConfigurationPlatforms) = postSolution
		{343B0FA3-DA7C-4086-88F0-73DCCF6BFBFD}.Debug|Any CPU.ActiveCfg = Debug|Any CPU
		{343B0FA3-DA7C-4086-88F0-73DCCF6BFBFD}.Debug|Any CPU.Build.0 = Debug|Any CPU
		{343B0FA3-DA7C-4086-88F0-73DCCF6BFBFD}.Release|Any CPU.ActiveCfg = Release|Any CPU
		{343B0FA3-DA7C-4086-88F0-73DCCF6BFBFD}.Release|Any CPU.Build.0 = Release|Any CPU
		{6211F0EE-9CAC-4A9A-AF2A-9D5DAD4D2904}.Debug|Any CPU.ActiveCfg = Debug|Any CPU
		{6211F0EE-9CAC-4A9A-AF2A-9D5DAD4D2904}.Debug|Any CPU.Build.0 = Debug|Any CPU
		{6211F0EE-9CAC-4A9A-AF2A-9D5DAD4D2904}.Release|Any CPU.ActiveCfg = Release|Any CPU
		{6211F0EE-9CAC-4A9A-AF2A-9D5DAD4D2904}.Release|Any CPU.Build.0 = Release|Any CPU
		{9034F9A5-1E74-492C-9BEC-F2CCC28750DF}.Debug|Any CPU.ActiveCfg = Debug|Any CPU
		{9034F9A5-1E74-492C-9BEC-F2CCC28750DF}.Debug|Any CPU.Build.0 = Debug|Any CPU
		{9034F9A5-1E74-492C-9BEC-F2CCC28750DF}.Release|Any CPU.ActiveCfg = Release|Any CPU
		{9034F9A5-1E74-492C-9BEC-F2CCC28750DF}.Release|Any CPU.Build.0 = Release|Any CPU
		{E08727C6-0D92-42F1-B89B-1430133C0D29}.Debug|Any CPU.ActiveCfg = Debug|Any CPU
		{E08727C6-0D92-42F1-B89B-1430133C0D29}.Debug|Any CPU.Build.0 = Debug|Any CPU
		{E08727C6-0D92-42F1-B89B-1430133C0D29}.Release|Any CPU.ActiveCfg = Release|Any CPU
		{E08727C6-0D92-42F1-B89B-1430133C0D29}.Release|Any CPU.Build.0 = Release|Any CPU
	EndGlobalSection
	GlobalSection(SolutionProperties) = preSolution
		HideSolutionNode = FALSE
	EndGlobalSection
	GlobalSection(ExtensibilityGlobals) = postSolution
		SolutionGuid = {8117C3F0-6C64-4316-89E2-9ACB93C08F3C}
	EndGlobalSection
EndGlobal
